
Microsoft Visual Studio Solution File, Format Version 12.00
# Visual Studio Version 16
VisualStudioVersion = 16.0.810.9
MinimumVisualStudioVersion = 10.0.40219.1
Project("{FAE04EC0-301F-11D3-BF4B-00C04F79EFBC}") = "ObjectLifeTime", "ObjectLifTime\ObjectLifeTime.csproj", "{00DA9794-3065-4CB6-8FCA-DCC0E6D4B3CF}"
EndProject
Project("{FAE04EC0-301F-11D3-BF4B-00C04F79EFBC}") = "UnderstandingScope", "UnderstandingScope\UnderstandingScope.csproj", "{2642561E-B496-402D-90E7-316B26612D28}"
EndProject
Global
	GlobalSection(SolutionConfigurationPlatforms) = preSolution
		Debug|Any CPU = Debug|Any CPU
		Release|Any CPU = Release|Any CPU
	EndGlobalSection
	GlobalSection(ProjectConfigurationPlatforms) = postSolution
		{00DA9794-3065-4CB6-8FCA-DCC0E6D4B3CF}.Debug|Any CPU.ActiveCfg = Debug|Any CPU
		{00DA9794-3065-4CB6-8FCA-DCC0E6D4B3CF}.Debug|Any CPU.Build.0 = Debug|Any CPU
		{00DA9794-3065-4CB6-8FCA-DCC0E6D4B3CF}.Release|Any CPU.ActiveCfg = Release|Any CPU
		{00DA9794-3065-4CB6-8FCA-DCC0E6D4B3CF}.Release|Any CPU.Build.0 = Release|Any CPU
		{2642561E-B496-402D-90E7-316B26612D28}.Debug|Any CPU.ActiveCfg = Debug|Any CPU
		{2642561E-B496-402D-90E7-316B26612D28}.Debug|Any CPU.Build.0 = Debug|Any CPU
		{2642561E-B496-402D-90E7-316B26612D28}.Release|Any CPU.ActiveCfg = Release|Any CPU
		{2642561E-B496-402D-90E7-316B26612D28}.Release|Any CPU.Build.0 = Release|Any CPU
	EndGlobalSection
	GlobalSection(SolutionProperties) = preSolution
		HideSolutionNode = FALSE
	EndGlobalSection
	GlobalSection(ExtensibilityGlobals) = postSolution
		SolutionGuid = {85E8CE24-EF03-485B-8B51-9B39397ADBDA}
	EndGlobalSection
EndGlobal
